PODS:
  - AMRatingControl (1.3.0)
  - MagicalRecord (2.2):
    - MagicalRecord/Core (= 2.2)
  - MagicalRecord/Core (2.2)

DEPENDENCIES:
  - AMRatingControl
  - MagicalRecord

SPEC CHECKSUMS:
  AMRatingControl: 37b5793d45d37089d605621e53fcf1e527fe28af
  MagicalRecord: 2b471584fc9e3137f3d0a56967917baa4979e224

COCOAPODS: 0.35.0
